
Microsoft Visual Studio Solution File, Format Version 12.00
# Visual Studio Version 17
VisualStudioVersion = 17.11.35312.102
MinimumVisualStudioVersion = 10.0.40219.1
Project("{FAE04EC0-301F-11D3-BF4B-00C04F79EFBC}") = "CarLibrary", "CarLibrary\CarLibrary.csproj", "{6AB2864B-4512-43D0-926C-2D8E12A3A847}"
EndProject
Global
	GlobalSection(SolutionConfigurationPlatforms) = preSolution
		Debug|Any CPU = Debug|Any CPU
		Release|Any CPU = Release|Any CPU
	EndGlobalSection
	GlobalSection(ProjectConfigurationPlatforms) = postSolution
		{6AB2864B-4512-43D0-926C-2D8E12A3A847}.Debug|Any CPU.ActiveCfg = Debug|Any CPU
		{6AB2864B-4512-43D0-926C-2D8E12A3A847}.Debug|Any CPU.Build.0 = Debug|Any CPU
		{6AB2864B-4512-43D0-926C-2D8E12A3A847}.Release|Any CPU.ActiveCfg = Release|Any CPU
		{6AB2864B-4512-43D0-926C-2D8E12A3A847}.Release|Any CPU.Build.0 = Release|Any CPU
	EndGlobalSection
	GlobalSection(SolutionProperties) = preSolution
		HideSolutionNode = FALSE
	EndGlobalSection
	GlobalSection(ExtensibilityGlobals) = postSolution
		SolutionGuid = {B22FC01A-6559-4B7D-929B-B38FBFBD5D03}
	EndGlobalSection
EndGlobal
